// !$*UTF8*$!
{
	archiveVersion = 1;
	classes = {
	};
	objectVersion = 46;
	objects = {

/* Begin PBXBuildFile section */
		6565CD551F356AF6005D70B8 /* AppDelegate.swift in Sources */ = {isa = PBXBuildFile; fileRef = 6565CD541F356AF6005D70B8 /* AppDelegate.swift */; };
		6565CD571F356AF6005D70B8 /* ViewController.swift in Sources */ = {isa = PBXBuildFile; fileRef = 6565CD561F356AF6005D70B8 /* ViewController.swift */; };
		6565CD5A1F356AF6005D70B8 /* Main.storyboard in Resources */ = {isa = PBXBuildFile; fileRef = 6565CD581F356AF6005D70B8 /* Main.storyboard */; };
		6565CD5C1F356AF6005D70B8 /* Assets.xcassets in Resources */ = {isa = PBXBuildFile; fileRef = 6565CD5B1F356AF6005D70B8 /* Assets.xcassets */; };
		6565CD5F1F356AF6005D70B8 /* LaunchScreen.storyboard in Resources */ = {isa = PBXBuildFile; fileRef = 6565CD5D1F356AF6005D70B8 /* LaunchScreen.storyboard */; };
		6565CD6A1F356AF6005D70B8 /* SpeedometerTests.swift in Sources */ = {isa = PBXBuildFile; fileRef = 6565CD691F356AF6005D70B8 /* SpeedometerTests.swift */; };
		6565CD751F356AF6005D70B8 /* SpeedometerUITests.swift in Sources */ = {isa = PBXBuildFile; fileRef = 6565CD741F356AF6005D70B8 /* SpeedometerUITests.swift */; };
		6565CD871F356B7E005D70B8 /* SPDLocationSpeedProvider.swift in Sources */ = {isa = PBXBuildFile; fileRef = 6565CD821F356B7E005D70B8 /* SPDLocationSpeedProvider.swift */; };
		6565CD881F356B7E005D70B8 /* SPDLocationSpeedChecker.swift in Sources */ = {isa = PBXBuildFile; fileRef = 6565CD831F356B7E005D70B8 /* SPDLocationSpeedChecker.swift */; };
		6565CD891F356B7E005D70B8 /* SPDLocationProvider.swift in Sources */ = {isa = PBXBuildFile; fileRef = 6565CD841F356B7E005D70B8 /* SPDLocationProvider.swift */; };
		6565CD8A1F356B7E005D70B8 /* SPDLocationManager.swift in Sources */ = {isa = PBXBuildFile; fileRef = 6565CD851F356B7E005D70B8 /* SPDLocationManager.swift */; };
		6565CD8B1F356B7E005D70B8 /* SPDLocationAuthorization.swift in Sources */ = {isa = PBXBuildFile; fileRef = 6565CD861F356B7E005D70B8 /* SPDLocationAuthorization.swift */; };
		6747C9A39FD28826017075FF /* Pods_Speedometer.framework in Frameworks */ = {isa = PBXBuildFile; fileRef = 5D0F34B822EF84C7F93BE7BF /* Pods_Speedometer.framework */; };
		6E7402F729E227CCF79BC985 /* Pods_SpeedometerUITests.framework in Frameworks */ = {isa = PBXBuildFile; fileRef = 159D4A8874E0E1ACE218BDFF /* Pods_SpeedometerUITests.framework */; };
		D6792C238B8247B545288412 /* Pods_SpeedometerTests.framework in Frameworks */ = {isa = PBXBuildFile; fileRef = 074FC75BDCF4E9591D31A9D2 /* Pods_SpeedometerTests.framework */; };
/* End PBXBuildFile section */

/* Begin PBXContainerItemProxy section */
		6565CD661F356AF6005D70B8 /* PBXContainerItemProxy */ = {
			isa = PBXContainerItemProxy;
			containerPortal = 6565CD491F356AF6005D70B8 /* Project object */;
			proxyType = 1;
			remoteGlobalIDString = 6565CD501F356AF6005D70B8;
			remoteInfo = Speedometer;
		};
		6565CD711F356AF6005D70B8 /* PBXContainerItemProxy */ = {
			isa = PBXContainerItemProxy;
			containerPortal = 6565CD491F356AF6005D70B8 /* Project object */;
			proxyType = 1;
			remoteGlobalIDString = 6565CD501F356AF6005D70B8;
			remoteInfo = Speedometer;
		};
/* End PBXContainerItemProxy section */

/* Begin PBXFileReference section */
		074FC75BDCF4E9591D31A9D2 /* Pods_SpeedometerTests.framework */ = {isa = PBXFileReference; explicitFileType = wrapper.framework; includeInIndex = 0; path = Pods_SpeedometerTests.framework; sourceTree = BUILT_PRODUCTS_DIR; };
		159D4A8874E0E1ACE218BDFF /* Pods_SpeedometerUITests.framework */ = {isa = PBXFileReference; explicitFileType = wrapper.framework; includeInIndex = 0; path = Pods_SpeedometerUITests.framework; sourceTree = BUILT_PRODUCTS_DIR; };
		5D0F34B822EF84C7F93BE7BF /* Pods_Speedometer.framework */ = {isa = PBXFileReference; explicitFileType = wrapper.framework; includeInIndex = 0; path = Pods_Speedometer.framework; sourceTree = BUILT_PRODUCTS_DIR; };
		6565CD511F356AF6005D70B8 /* Speedometer.app */ = {isa = PBXFileReference; explicitFileType = wrapper.application; includeInIndex = 0; path = Speedometer.app; sourceTree = BUILT_PRODUCTS_DIR; };
		6565CD541F356AF6005D70B8 /* AppDelegate.swift */ = {isa = PBXFileReference; lastKnownFileType = sourcecode.swift; path = AppDelegate.swift; sourceTree = "<group>"; };
		6565CD561F356AF6005D70B8 /* ViewController.swift */ = {isa = PBXFileReference; lastKnownFileType = sourcecode.swift; path = ViewController.swift; sourceTree = "<group>"; };
		6565CD591F356AF6005D70B8 /* Base */ = {isa = PBXFileReference; lastKnownFileType = file.storyboard; name = Base; path = Base.lproj/Main.storyboard; sourceTree = "<group>"; };
		6565CD5B1F356AF6005D70B8 /* Assets.xcassets */ = {isa = PBXFileReference; lastKnownFileType = folder.assetcatalog; path = Assets.xcassets; sourceTree = "<group>"; };
		6565CD5E1F356AF6005D70B8 /* Base */ = {isa = PBXFileReference; lastKnownFileType = file.storyboard; name = Base; path = Base.lproj/LaunchScreen.storyboard; sourceTree = "<group>"; };
		6565CD601F356AF6005D70B8 /* Info.plist */ = {isa = PBXFileReference; lastKnownFileType = text.plist.xml; path = Info.plist; sourceTree = "<group>"; };
		6565CD651F356AF6005D70B8 /* SpeedometerTests.xctest */ = {isa = PBXFileReference; explicitFileType = wrapper.cfbundle; includeInIndex = 0; path = SpeedometerTests.xctest; sourceTree = BUILT_PRODUCTS_DIR; };
		6565CD691F356AF6005D70B8 /* SpeedometerTests.swift */ = {isa = PBXFileReference; lastKnownFileType = sourcecode.swift; path = SpeedometerTests.swift; sourceTree = "<group>"; };
		6565CD6B1F356AF6005D70B8 /* Info.plist */ = {isa = PBXFileReference; lastKnownFileType = text.plist.xml; path = Info.plist; sourceTree = "<group>"; };
		6565CD701F356AF6005D70B8 /* SpeedometerUITests.xctest */ = {isa = PBXFileReference; explicitFileType = wrapper.cfbundle; includeInIndex = 0; path = SpeedometerUITests.xctest; sourceTree = BUILT_PRODUCTS_DIR; };
		6565CD741F356AF6005D70B8 /* SpeedometerUITests.swift */ = {isa = PBXFileReference; lastKnownFileType = sourcecode.swift; path = SpeedometerUITests.swift; sourceTree = "<group>"; };
		6565CD761F356AF6005D70B8 /* Info.plist */ = {isa = PBXFileReference; lastKnownFileType = text.plist.xml; path = Info.plist; sourceTree = "<group>"; };
		6565CD821F356B7E005D70B8 /* SPDLocationSpeedProvider.swift */ = {isa = PBXFileReference; fileEncoding = 4; lastKnownFileType = sourcecode.swift; path = SPDLocationSpeedProvider.swift; sourceTree = "<group>"; };
		6565CD831F356B7E005D70B8 /* SPDLocationSpeedChecker.swift */ = {isa = PBXFileReference; fileEncoding = 4; lastKnownFileType = sourcecode.swift; path = SPDLocationSpeedChecker.swift; sourceTree = "<group>"; };
		6565CD841F356B7E005D70B8 /* SPDLocationProvider.swift */ = {isa = PBXFileReference; fileEncoding = 4; lastKnownFileType = sourcecode.swift; path = SPDLocationProvider.swift; sourceTree = "<group>"; };
		6565CD851F356B7E005D70B8 /* SPDLocationManager.swift */ = {isa = PBXFileReference; fileEncoding = 4; lastKnownFileType = sourcecode.swift; path = SPDLocationManager.swift; sourceTree = "<group>"; };
		6565CD861F356B7E005D70B8 /* SPDLocationAuthorization.swift */ = {isa = PBXFileReference; fileEncoding = 4; lastKnownFileType = sourcecode.swift; path = SPDLocationAuthorization.swift; sourceTree = "<group>"; };
		78AE83B8449AF6B4FF96BD03 /* Pods-SpeedometerTests.debug.xcconfig */ = {isa = PBXFileReference; includeInIndex = 1; lastKnownFileType = text.xcconfig; name = "Pods-SpeedometerTests.debug.xcconfig"; path = "Pods/Target Support Files/Pods-SpeedometerTests/Pods-SpeedometerTests.debug.xcconfig"; sourceTree = "<group>"; };
		80A5A7100EA6DA680E65E2C6 /* Pods-SpeedometerTests.release.xcconfig */ = {isa = PBXFileReference; includeInIndex = 1; lastKnownFileType = text.xcconfig; name = "Pods-SpeedometerTests.release.xcconfig"; path = "Pods/Target Support Files/Pods-SpeedometerTests/Pods-SpeedometerTests.release.xcconfig"; sourceTree = "<group>"; };
		88BD92F36D87CA5FC6D6E2A7 /* Pods-SpeedometerUITests.release.xcconfig */ = {isa = PBXFileReference; includeInIndex = 1; lastKnownFileType = text.xcconfig; name = "Pods-SpeedometerUITests.release.xcconfig"; path = "Pods/Target Support Files/Pods-SpeedometerUITests/Pods-SpeedometerUITests.release.xcconfig"; sourceTree = "<group>"; };
		88C8FA449DA3F0DB0683922D /* Pods-SpeedometerUITests.debug.xcconfig */ = {isa = PBXFileReference; includeInIndex = 1; lastKnownFileType = text.xcconfig; name = "Pods-SpeedometerUITests.debug.xcconfig"; path = "Pods/Target Support Files/Pods-SpeedometerUITests/Pods-SpeedometerUITests.debug.xcconfig"; sourceTree = "<group>"; };
		8F8EBA77A2AC3836137AC46F /* Pods-Speedometer.release.xcconfig */ = {isa = PBXFileReference; includeInIndex = 1; lastKnownFileType = text.xcconfig; name = "Pods-Speedometer.release.xcconfig"; path = "Pods/Target Support Files/Pods-Speedometer/Pods-Speedometer.release.xcconfig"; sourceTree = "<group>"; };
		A90D5C3FF77267D7BB39EB0C /* Pods-Speedometer.debug.xcconfig */ = {isa = PBXFileReference; includeInIndex = 1; lastKnownFileType = text.xcconfig; name = "Pods-Speedometer.debug.xcconfig"; path = "Pods/Target Support Files/Pods-Speedometer/Pods-Speedometer.debug.xcconfig"; sourceTree = "<group>"; };
/* End PBXFileReference section */

/* Begin PBXFrameworksBuildPhase section */
		6565CD4E1F356AF6005D70B8 /* Frameworks */ = {
			isa = PBXFrameworksBuildPhase;
			buildActionMask = 2147483647;
			files = (
				6747C9A39FD28826017075FF /* Pods_Speedometer.framework in Frameworks */,
			);
			runOnlyForDeploymentPostprocessing = 0;
		};
		6565CD621F356AF6005D70B8 /* Frameworks */ = {
			isa = PBXFrameworksBuildPhase;
			buildActionMask = 2147483647;
			files = (
				D6792C238B8247B545288412 /* Pods_SpeedometerTests.framework in Frameworks */,
			);
			runOnlyForDeploymentPostprocessing = 0;
		};
		6565CD6D1F356AF6005D70B8 /* Frameworks */ = {
			isa = PBXFrameworksBuildPhase;
			buildActionMask = 2147483647;
			files = (
				6E7402F729E227CCF79BC985 /* Pods_SpeedometerUITests.framework in Frameworks */,
			);
			runOnlyForDeploymentPostprocessing = 0;
		};
/* End PBXFrameworksBuildPhase section */

/* Begin PBXGroup section */
		6565CD481F356AF6005D70B8 = {
			isa = PBXGroup;
			children = (
				6565CD531F356AF6005D70B8 /* Speedometer */,
				6565CD681F356AF6005D70B8 /* SpeedometerTests */,
				6565CD731F356AF6005D70B8 /* SpeedometerUITests */,
				6565CD521F356AF6005D70B8 /* Products */,
				AA03B0342FE2F68EF14702F2 /* Pods */,
				748E712E7EDF8D67CA41C42C /* Frameworks */,
			);
			sourceTree = "<group>";
		};
		6565CD521F356AF6005D70B8 /* Products */ = {
			isa = PBXGroup;
			children = (
				6565CD511F356AF6005D70B8 /* Speedometer.app */,
				6565CD651F356AF6005D70B8 /* SpeedometerTests.xctest */,
				6565CD701F356AF6005D70B8 /* SpeedometerUITests.xctest */,
			);
			name = Products;
			sourceTree = "<group>";
		};
		6565CD531F356AF6005D70B8 /* Speedometer */ = {
			isa = PBXGroup;
			children = (
				6565CD8C1F356B82005D70B8 /* Location */,
				6565CD541F356AF6005D70B8 /* AppDelegate.swift */,
				6565CD561F356AF6005D70B8 /* ViewController.swift */,
				6565CD581F356AF6005D70B8 /* Main.storyboard */,
				6565CD5B1F356AF6005D70B8 /* Assets.xcassets */,
				6565CD5D1F356AF6005D70B8 /* LaunchScreen.storyboard */,
				6565CD601F356AF6005D70B8 /* Info.plist */,
			);
			path = Speedometer;
			sourceTree = "<group>";
		};
		6565CD681F356AF6005D70B8 /* SpeedometerTests */ = {
			isa = PBXGroup;
			children = (
				6565CD691F356AF6005D70B8 /* SpeedometerTests.swift */,
				6565CD6B1F356AF6005D70B8 /* Info.plist */,
			);
			path = SpeedometerTests;
			sourceTree = "<group>";
		};
		6565CD731F356AF6005D70B8 /* SpeedometerUITests */ = {
			isa = PBXGroup;
			children = (
				6565CD741F356AF6005D70B8 /* SpeedometerUITests.swift */,
				6565CD761F356AF6005D70B8 /* Info.plist */,
			);
			path = SpeedometerUITests;
			sourceTree = "<group>";
		};
		6565CD8C1F356B82005D70B8 /* Location */ = {
			isa = PBXGroup;
			children = (
				6565CD821F356B7E005D70B8 /* SPDLocationSpeedProvider.swift */,
				6565CD831F356B7E005D70B8 /* SPDLocationSpeedChecker.swift */,
				6565CD841F356B7E005D70B8 /* SPDLocationProvider.swift */,
				6565CD851F356B7E005D70B8 /* SPDLocationManager.swift */,
				6565CD861F356B7E005D70B8 /* SPDLocationAuthorization.swift */,
			);
			path = Location;
			sourceTree = "<group>";
		};
		748E712E7EDF8D67CA41C42C /* Frameworks */ = {
			isa = PBXGroup;
			children = (
				5D0F34B822EF84C7F93BE7BF /* Pods_Speedometer.framework */,
				074FC75BDCF4E9591D31A9D2 /* Pods_SpeedometerTests.framework */,
				159D4A8874E0E1ACE218BDFF /* Pods_SpeedometerUITests.framework */,
			);
			name = Frameworks;
			sourceTree = "<group>";
		};
		AA03B0342FE2F68EF14702F2 /* Pods */ = {
			isa = PBXGroup;
			children = (
				A90D5C3FF77267D7BB39EB0C /* Pods-Speedometer.debug.xcconfig */,
				8F8EBA77A2AC3836137AC46F /* Pods-Speedometer.release.xcconfig */,
				78AE83B8449AF6B4FF96BD03 /* Pods-SpeedometerTests.debug.xcconfig */,
				80A5A7100EA6DA680E65E2C6 /* Pods-SpeedometerTests.release.xcconfig */,
				88C8FA449DA3F0DB0683922D /* Pods-SpeedometerUITests.debug.xcconfig */,
				88BD92F36D87CA5FC6D6E2A7 /* Pods-SpeedometerUITests.release.xcconfig */,
			);
			name = Pods;
			sourceTree = "<group>";
		};
/* End PBXGroup section */

/* Begin PBXNativeTarget section */
		6565CD501F356AF6005D70B8 /* Speedometer */ = {
			isa = PBXNativeTarget;
			buildConfigurationList = 6565CD791F356AF6005D70B8 /* Build configuration list for PBXNativeTarget "Speedometer" */;
			buildPhases = (
				8A4EEA2E53CD15996A519D6C /* [CP] Check Pods Manifest.lock */,
				6565CD4D1F356AF6005D70B8 /* Sources */,
				6565CD4E1F356AF6005D70B8 /* Frameworks */,
				6565CD4F1F356AF6005D70B8 /* Resources */,
				A70FCA91D0BFE8DC7FE4C16F /* [CP] Embed Pods Frameworks */,
				F144D2DEE208310686556598 /* [CP] Copy Pods Resources */,
			);
			buildRules = (
			);
			dependencies = (
			);
			name = Speedometer;
			productName = Speedometer;
			productReference = 6565CD511F356AF6005D70B8 /* Speedometer.app */;
			productType = "com.apple.product-type.application";
		};
		6565CD641F356AF6005D70B8 /* SpeedometerTests */ = {
			isa = PBXNativeTarget;
			buildConfigurationList = 6565CD7C1F356AF6005D70B8 /* Build configuration list for PBXNativeTarget "SpeedometerTests" */;
			buildPhases = (
				D3593F54CEEBD34122B728CB /* [CP] Check Pods Manifest.lock */,
				6565CD611F356AF6005D70B8 /* Sources */,
				6565CD621F356AF6005D70B8 /* Frameworks */,
				6565CD631F356AF6005D70B8 /* Resources */,
				431E4380E5477395F8C2D45C /* [CP] Embed Pods Frameworks */,
				B5E889A41D1009C2255856E8 /* [CP] Copy Pods Resources */,
			);
			buildRules = (
			);
			dependencies = (
				6565CD671F356AF6005D70B8 /* PBXTargetDependency */,
			);
			name = SpeedometerTests;
			productName = SpeedometerTests;
			productReference = 6565CD651F356AF6005D70B8 /* SpeedometerTests.xctest */;
			productType = "com.apple.product-type.bundle.unit-test";
		};
		6565CD6F1F356AF6005D70B8 /* SpeedometerUITests */ = {
			isa = PBXNativeTarget;
			buildConfigurationList = 6565CD7F1F356AF6005D70B8 /* Build configuration list for PBXNativeTarget "SpeedometerUITests" */;
			buildPhases = (
				5FB16F42492A18C8CF2935D4 /* [CP] Check Pods Manifest.lock */,
				6565CD6C1F356AF6005D70B8 /* Sources */,
				6565CD6D1F356AF6005D70B8 /* Frameworks */,
				6565CD6E1F356AF6005D70B8 /* Resources */,
				9FF1D9B0154E5ABC0570F130 /* [CP] Embed Pods Frameworks */,
				EB9EA500193F4D053EBC0D38 /* [CP] Copy Pods Resources */,
			);
			buildRules = (
			);
			dependencies = (
				6565CD721F356AF6005D70B8 /* PBXTargetDependency */,
			);
			name = SpeedometerUITests;
			productName = SpeedometerUITests;
			productReference = 6565CD701F356AF6005D70B8 /* SpeedometerUITests.xctest */;
			productType = "com.apple.product-type.bundle.ui-testing";
		};
/* End PBXNativeTarget section */

/* Begin PBXProject section */
		6565CD491F356AF6005D70B8 /* Project object */ = {
			isa = PBXProject;
			attributes = {
				LastSwiftUpdateCheck = 0830;
				LastUpgradeCheck = 0830;
				ORGANIZATIONNAME = "Daniel Pratt";
				TargetAttributes = {
					6565CD501F356AF6005D70B8 = {
						CreatedOnToolsVersion = 8.3.3;
						DevelopmentTeam = ZJ769HHQS2;
						ProvisioningStyle = Automatic;
					};
					6565CD641F356AF6005D70B8 = {
						CreatedOnToolsVersion = 8.3.3;
						DevelopmentTeam = ZJ769HHQS2;
						ProvisioningStyle = Automatic;
						TestTargetID = 6565CD501F356AF6005D70B8;
					};
					6565CD6F1F356AF6005D70B8 = {
						CreatedOnToolsVersion = 8.3.3;
						DevelopmentTeam = ZJ769HHQS2;
						ProvisioningStyle = Automatic;
						TestTargetID = 6565CD501F356AF6005D70B8;
					};
				};
			};
			buildConfigurationList = 6565CD4C1F356AF6005D70B8 /* Build configuration list for PBXProject "Speedometer" */;
			compatibilityVersion = "Xcode 3.2";
			developmentRegion = English;
			hasScannedForEncodings = 0;
			knownRegions = (
				en,
				Base,
			);
			mainGroup = 6565CD481F356AF6005D70B8;
			productRefGroup = 6565CD521F356AF6005D70B8 /* Products */;
			projectDirPath = "";
			projectRoot = "";
			targets = (
				6565CD501F356AF6005D70B8 /* Speedometer */,
				6565CD641F356AF6005D70B8 /* SpeedometerTests */,
				6565CD6F1F356AF6005D70B8 /* SpeedometerUITests */,
			);
		};
/* End PBXProject section */

/* Begin PBXResourcesBuildPhase section */
		6565CD4F1F356AF6005D70B8 /* Resources */ = {
			isa = PBXResourcesBuildPhase;
			buildActionMask = 2147483647;
			files = (
				6565CD5F1F356AF6005D70B8 /* LaunchScreen.storyboard in Resources */,
				6565CD5C1F356AF6005D70B8 /* Assets.xcassets in Resources */,
				6565CD5A1F356AF6005D70B8 /* Main.storyboard in Resources */,
			);
			runOnlyForDeploymentPostprocessing = 0;
		};
		6565CD631F356AF6005D70B8 /* Resources */ = {
			isa = PBXResourcesBuildPhase;
			buildActionMask = 2147483647;
			files = (
			);
			runOnlyForDeploymentPostprocessing = 0;
		};
		6565CD6E1F356AF6005D70B8 /* Resources */ = {
			isa = PBXResourcesBuildPhase;
			buildActionMask = 2147483647;
			files = (
			);
			runOnlyForDeploymentPostprocessing = 0;
		};
/* End PBXResourcesBuildPhase section */

/* Begin PBXShellScriptBuildPhase section */
		431E4380E5477395F8C2D45C /* [CP] Embed Pods Frameworks */ = {
			isa = PBXShellScriptBuildPhase;
			buildActionMask = 2147483647;
			files = (
			);
			inputPaths = (
			);
			name = "[CP] Embed Pods Frameworks";
			outputPaths = (
			);
			runOnlyForDeploymentPostprocessing = 0;
			shellPath = /bin/sh;
			shellScript = "\"${SRCROOT}/Pods/Target Support Files/Pods-SpeedometerTests/Pods-SpeedometerTests-frameworks.sh\"\n";
			showEnvVarsInLog = 0;
		};
		5FB16F42492A18C8CF2935D4 /* [CP] Check Pods Manifest.lock */ = {
			isa = PBXShellScriptBuildPhase;
			buildActionMask = 2147483647;
			files = (
			);
			inputPaths = (
			);
			name = "[CP] Check Pods Manifest.lock";
			outputPaths = (
			);
			runOnlyForDeploymentPostprocessing = 0;
			shellPath = /bin/sh;
			shellScript = "diff \"${PODS_PODFILE_DIR_PATH}/Podfile.lock\" \"${PODS_ROOT}/Manifest.lock\" > /dev/null\nif [ $? != 0 ] ; then\n    # print error to STDERR\n    echo \"error: The sandbox is not in sync with the Podfile.lock. Run 'pod install' or update your CocoaPods installation.\" >&2\n    exit 1\nfi\n";
			showEnvVarsInLog = 0;
		};
		8A4EEA2E53CD15996A519D6C /* [CP] Check Pods Manifest.lock */ = {
			isa = PBXShellScriptBuildPhase;
			buildActionMask = 2147483647;
			files = (
			);
			inputPaths = (
			);
			name = "[CP] Check Pods Manifest.lock";
			outputPaths = (
			);
			runOnlyForDeploymentPostprocessing = 0;
			shellPath = /bin/sh;
			shellScript = "diff \"${PODS_PODFILE_DIR_PATH}/Podfile.lock\" \"${PODS_ROOT}/Manifest.lock\" > /dev/null\nif [ $? != 0 ] ; then\n    # print error to STDERR\n    echo \"error: The sandbox is not in sync with the Podfile.lock. Run 'pod install' or update your CocoaPods installation.\" >&2\n    exit 1\nfi\n";
			showEnvVarsInLog = 0;
		};
		9FF1D9B0154E5ABC0570F130 /* [CP] Embed Pods Frameworks */ = {
			isa = PBXShellScriptBuildPhase;
			buildActionMask = 2147483647;
			files = (
			);
			inputPaths = (
			);
			name = "[CP] Embed Pods Frameworks";
			outputPaths = (
			);
			runOnlyForDeploymentPostprocessing = 0;
			shellPath = /bin/sh;
			shellScript = "\"${SRCROOT}/Pods/Target Support Files/Pods-SpeedometerUITests/Pods-SpeedometerUITests-frameworks.sh\"\n";
			showEnvVarsInLog = 0;
		};
		A70FCA91D0BFE8DC7FE4C16F /* [CP] Embed Pods Frameworks */ = {
			isa = PBXShellScriptBuildPhase;
			buildActionMask = 2147483647;
			files = (
			);
			inputPaths = (
			);
			name = "[CP] Embed Pods Frameworks";
			outputPaths = (
			);
			runOnlyForDeploymentPostprocessing = 0;
			shellPath = /bin/sh;
			shellScript = "\"${SRCROOT}/Pods/Target Support Files/Pods-Speedometer/Pods-Speedometer-frameworks.sh\"\n";
			showEnvVarsInLog = 0;
		};
		B5E889A41D1009C2255856E8 /* [CP] Copy Pods Resources */ = {
			isa = PBXShellScriptBuildPhase;
			buildActionMask = 2147483647;
			files = (
			);
			inputPaths = (
			);
			name = "[CP] Copy Pods Resources";
			outputPaths = (
			);
			runOnlyForDeploymentPostprocessing = 0;
			shellPath = /bin/sh;
			shellScript = "\"${SRCROOT}/Pods/Target Support Files/Pods-SpeedometerTests/Pods-SpeedometerTests-resources.sh\"\n";
			showEnvVarsInLog = 0;
		};
		D3593F54CEEBD34122B728CB /* [CP] Check Pods Manifest.lock */ = {
			isa = PBXShellScriptBuildPhase;
			buildActionMask = 2147483647;
			files = (
			);
			inputPaths = (
			);
			name = "[CP] Check Pods Manifest.lock";
			outputPaths = (
			);
			runOnlyForDeploymentPostprocessing = 0;
			shellPath = /bin/sh;
			shellScript = "diff \"${PODS_PODFILE_DIR_PATH}/Podfile.lock\" \"${PODS_ROOT}/Manifest.lock\" > /dev/null\nif [ $? != 0 ] ; then\n    # print error to STDERR\n    echo \"error: The sandbox is not in sync with the Podfile.lock. Run 'pod install' or update your CocoaPods installation.\" >&2\n    exit 1\nfi\n";
			showEnvVarsInLog = 0;
		};
		EB9EA500193F4D053EBC0D38 /* [CP] Copy Pods Resources */ = {
			isa = PBXShellScriptBuildPhase;
			buildActionMask = 2147483647;
			files = (
			);
			inputPaths = (
			);
			name = "[CP] Copy Pods Resources";
			outputPaths = (
			);
			runOnlyForDeploymentPostprocessing = 0;
			shellPath = /bin/sh;
			shellScript = "\"${SRCROOT}/Pods/Target Support Files/Pods-SpeedometerUITests/Pods-SpeedometerUITests-resources.sh\"\n";
			showEnvVarsInLog = 0;
		};
		F144D2DEE208310686556598 /* [CP] Copy Pods Resources */ = {
			isa = PBXShellScriptBuildPhase;
			buildActionMask = 2147483647;
			files = (
			);
			inputPaths = (
			);
			name = "[CP] Copy Pods Resources";
			outputPaths = (
			);
			runOnlyForDeploymentPostprocessing = 0;
			shellPath = /bin/sh;
			shellScript = "\"${SRCROOT}/Pods/Target Support Files/Pods-Speedometer/Pods-Speedometer-resources.sh\"\n";
			showEnvVarsInLog = 0;
		};
/* End PBXShellScriptBuildPhase section */

/* Begin PBXSourcesBuildPhase section */
		6565CD4D1F356AF6005D70B8 /* Sources */ = {
			isa = PBXSourcesBuildPhase;
			buildActionMask = 2147483647;
			files = (
				6565CD8A1F356B7E005D70B8 /* SPDLocationManager.swift in Sources */,
				6565CD571F356AF6005D70B8 /* ViewController.swift in Sources */,
				6565CD8B1F356B7E005D70B8 /* SPDLocationAuthorization.swift in Sources */,
				6565CD551F356AF6005D70B8 /* AppDelegate.swift in Sources */,
				6565CD881F356B7E005D70B8 /* SPDLocationSpeedChecker.swift in Sources */,
				6565CD871F356B7E005D70B8 /* SPDLocationSpeedProvider.swift in Sources */,
				6565CD891F356B7E005D70B8 /* SPDLocationProvider.swift in Sources */,
			);
			runOnlyForDeploymentPostprocessing = 0;
		};
		6565CD611F356AF6005D70B8 /* Sources */ = {
			isa = PBXSourcesBuildPhase;
			buildActionMask = 2147483647;
			files = (
				6565CD6A1F356AF6005D70B8 /* SpeedometerTests.swift in Sources */,
			);
			runOnlyForDeploymentPostprocessing = 0;
		};
		6565CD6C1F356AF6005D70B8 /* Sources */ = {
			isa = PBXSourcesBuildPhase;
			buildActionMask = 2147483647;
			files = (
				6565CD751F356AF6005D70B8 /* SpeedometerUITests.swift in Sources */,
			);
			runOnlyForDeploymentPostprocessing = 0;
		};
/* End PBXSourcesBuildPhase section */

/* Begin PBXTargetDependency section */
		6565CD671F356AF6005D70B8 /* PBXTargetDependency */ = {
			isa = PBXTargetDependency;
			target = 6565CD501F356AF6005D70B8 /* Speedometer */;
			targetProxy = 6565CD661F356AF6005D70B8 /* PBXContainerItemProxy */;
		};
		6565CD721F356AF6005D70B8 /* PBXTargetDependency */ = {
			isa = PBXTargetDependency;
			target = 6565CD501F356AF6005D70B8 /* Speedometer */;
			targetProxy = 6565CD711F356AF6005D70B8 /* PBXContainerItemProxy */;
		};
/* End PBXTargetDependency section */

/* Begin PBXVariantGroup section */
		6565CD581F356AF6005D70B8 /* Main.storyboard */ = {
			isa = PBXVariantGroup;
			children = (
				6565CD591F356AF6005D70B8 /* Base */,
			);
			name = Main.storyboard;
			sourceTree = "<group>";
		};
		6565CD5D1F356AF6005D70B8 /* LaunchScreen.storyboard */ = {
			isa = PBXVariantGroup;
			children = (
				6565CD5E1F356AF6005D70B8 /* Base */,
			);
			name = LaunchScreen.storyboard;
			sourceTree = "<group>";
		};
/* End PBXVariantGroup section */

/* Begin XCBuildConfiguration section */
		6565CD771F356AF6005D70B8 /* Debug */ = {
			isa = XCBuildConfiguration;
			buildSettings = {
				ALWAYS_SEARCH_USER_PATHS = NO;
				CLANG_ANALYZER_NONNULL = YES;
				CLANG_ANALYZER_NUMBER_OBJECT_CONVERSION = YES_AGGRESSIVE;
				CLANG_CXX_LANGUAGE_STANDARD = "gnu++0x";
				CLANG_CXX_LIBRARY = "libc++";
				CLANG_ENABLE_MODULES = YES;
				CLANG_ENABLE_OBJC_ARC = YES;
				CLANG_WARN_BOOL_CONVERSION = YES;
				CLANG_WARN_CONSTANT_CONVERSION = YES;
				CLANG_WARN_DIRECT_OBJC_ISA_USAGE = YES_ERROR;
				CLANG_WARN_DOCUMENTATION_COMMENTS = YES;
				CLANG_WARN_EMPTY_BODY = YES;
				CLANG_WARN_ENUM_CONVERSION = YES;
				CLANG_WARN_INFINITE_RECURSION = YES;
				CLANG_WARN_INT_CONVERSION = YES;
				CLANG_WARN_OBJC_ROOT_CLASS = YES_ERROR;
				CLANG_WARN_SUSPICIOUS_MOVE = YES;
				CLANG_WARN_UNREACHABLE_CODE = YES;
				CLANG_WARN__DUPLICATE_METHOD_MATCH = YES;
				"CODE_SIGN_IDENTITY[sdk=iphoneos*]" = "iPhone Developer";
				COPY_PHASE_STRIP = NO;
				DEBUG_INFORMATION_FORMAT = dwarf;
				ENABLE_STRICT_OBJC_MSGSEND = YES;
				ENABLE_TESTABILITY = YES;
				GCC_C_LANGUAGE_STANDARD = gnu99;
				GCC_DYNAMIC_NO_PIC = NO;
				GCC_NO_COMMON_BLOCKS = YES;
				GCC_OPTIMIZATION_LEVEL = 0;
				GCC_PREPROCESSOR_DEFINITIONS = (
					"DEBUG=1",
					"$(inherited)",
				);
				GCC_WARN_64_TO_32_BIT_CONVERSION = YES;
				GCC_WARN_ABOUT_RETURN_TYPE = YES_ERROR;
				GCC_WARN_UNDECLARED_SELECTOR = YES;
				GCC_WARN_UNINITIALIZED_AUTOS = YES_AGGRESSIVE;
				GCC_WARN_UNUSED_FUNCTION = YES;
				GCC_WARN_UNUSED_VARIABLE = YES;
				IPHONEOS_DEPLOYMENT_TARGET = 10.3;
				MTL_ENABLE_DEBUG_INFO = YES;
				ONLY_ACTIVE_ARCH = YES;
				SDKROOT = iphoneos;
				SWIFT_ACTIVE_COMPILATION_CONDITIONS = DEBUG;
				SWIFT_OPTIMIZATION_LEVEL = "-Onone";
				TARGETED_DEVICE_FAMILY = "1,2";
			};
			name = Debug;
		};
		6565CD781F356AF6005D70B8 /* Release */ = {
			isa = XCBuildConfiguration;
			buildSettings = {
				ALWAYS_SEARCH_USER_PATHS = NO;
				CLANG_ANALYZER_NONNULL = YES;
				CLANG_ANALYZER_NUMBER_OBJECT_CONVERSION = YES_AGGRESSIVE;
				CLANG_CXX_LANGUAGE_STANDARD = "gnu++0x";
				CLANG_CXX_LIBRARY = "libc++";
				CLANG_ENABLE_MODULES = YES;
				CLANG_ENABLE_OBJC_ARC = YES;
				CLANG_WARN_BOOL_CONVERSION = YES;
				CLANG_WARN_CONSTANT_CONVERSION = YES;
				CLANG_WARN_DIRECT_OBJC_ISA_USAGE = YES_ERROR;
				CLANG_WARN_DOCUMENTATION_COMMENTS = YES;
				CLANG_WARN_EMPTY_BODY = YES;
				CLANG_WARN_ENUM_CONVERSION = YES;
				CLANG_WARN_INFINITE_RECURSION = YES;
				CLANG_WARN_INT_CONVERSION = YES;
				CLANG_WARN_OBJC_ROOT_CLASS = YES_ERROR;
				CLANG_WARN_SUSPICIOUS_MOVE = YES;
				CLANG_WARN_UNREACHABLE_CODE = YES;
				CLANG_WARN__DUPLICATE_METHOD_MATCH = YES;
				"CODE_SIGN_IDENTITY[sdk=iphoneos*]" = "iPhone Developer";
				COPY_PHASE_STRIP = NO;
				DEBUG_INFORMATION_FORMAT = "dwarf-with-dsym";
				ENABLE_NS_ASSERTIONS = NO;
				ENABLE_STRICT_OBJC_MSGSEND = YES;
				GCC_C_LANGUAGE_STANDARD = gnu99;
				GCC_NO_COMMON_BLOCKS = YES;
				GCC_WARN_64_TO_32_BIT_CONVERSION = YES;
				GCC_WARN_ABOUT_RETURN_TYPE = YES_ERROR;
				GCC_WARN_UNDECLARED_SELECTOR = YES;
				GCC_WARN_UNINITIALIZED_AUTOS = YES_AGGRESSIVE;
				GCC_WARN_UNUSED_FUNCTION = YES;
				GCC_WARN_UNUSED_VARIABLE = YES;
				IPHONEOS_DEPLOYMENT_TARGET = 10.3;
				MTL_ENABLE_DEBUG_INFO = NO;
				SDKROOT = iphoneos;
				SWIFT_OPTIMIZATION_LEVEL = "-Owholemodule";
				TARGETED_DEVICE_FAMILY = "1,2";
				VALIDATE_PRODUCT = YES;
			};
			name = Release;
		};
		6565CD7A1F356AF6005D70B8 /* Debug */ = {
			isa = XCBuildConfiguration;
			baseConfigurationReference = A90D5C3FF77267D7BB39EB0C /* Pods-Speedometer.debug.xcconfig */;
			buildSettings = {
				ASSETCATALOG_COMPILER_APPICON_NAME = AppIcon;
				DEVELOPMENT_TEAM = ZJ769HHQS2;
				INFOPLIST_FILE = Speedometer/Info.plist;
				LD_RUNPATH_SEARCH_PATHS = "$(inherited) @executable_path/Frameworks";
				PRODUCT_BUNDLE_IDENTIFIER = com.blaumagier.Speedometer;
				PRODUCT_NAME = "$(TARGET_NAME)";
				SWIFT_VERSION = 3.0;
			};
			name = Debug;
		};
		6565CD7B1F356AF6005D70B8 /* Release */ = {
			isa = XCBuildConfiguration;
			baseConfigurationReference = 8F8EBA77A2AC3836137AC46F /* Pods-Speedometer.release.xcconfig */;
			buildSettings = {
				ASSETCATALOG_COMPILER_APPICON_NAME = AppIcon;
				DEVELOPMENT_TEAM = ZJ769HHQS2;
				INFOPLIST_FILE = Speedometer/Info.plist;
				LD_RUNPATH_SEARCH_PATHS = "$(inherited) @executable_path/Frameworks";
				PRODUCT_BUNDLE_IDENTIFIER = com.blaumagier.Speedometer;
				PRODUCT_NAME = "$(TARGET_NAME)";
				SWIFT_VERSION = 3.0;
			};
			name = Release;
		};
		6565CD7D1F356AF6005D70B8 /* Debug */ = {
			isa = XCBuildConfiguration;
			baseConfigurationReference = 78AE83B8449AF6B4FF96BD03 /* Pods-SpeedometerTests.debug.xcconfig */;
			buildSettings = {
				ALWAYS_EMBED_SWIFT_STANDARD_LIBRARIES = YES;
				BUNDLE_LOADER = "$(TEST_HOST)";
				DEVELOPMENT_TEAM = ZJ769HHQS2;
				INFOPLIST_FILE = SpeedometerTests/Info.plist;
				LD_RUNPATH_SEARCH_PATHS = "$(inherited) @executable_path/Frameworks @loader_path/Frameworks";
				PRODUCT_BUNDLE_IDENTIFIER = com.blaumagier.SpeedometerTests;
				PRODUCT_NAME = "$(TARGET_NAME)";
				SWIFT_VERSION = 3.0;
				TEST_HOST = "$(BUILT_PRODUCTS_DIR)/Speedometer.app/Speedometer";
			};
			name = Debug;
		};
		6565CD7E1F356AF6005D70B8 /* Release */ = {
			isa = XCBuildConfiguration;
			baseConfigurationReference = 80A5A7100EA6DA680E65E2C6 /* Pods-SpeedometerTests.release.xcconfig */;
			buildSettings = {
				ALWAYS_EMBED_SWIFT_STANDARD_LIBRARIES = YES;
				BUNDLE_LOADER = "$(TEST_HOST)";
				DEVELOPMENT_TEAM = ZJ769HHQS2;
				INFOPLIST_FILE = SpeedometerTests/Info.plist;
				LD_RUNPATH_SEARCH_PATHS = "$(inherited) @executable_path/Frameworks @loader_path/Frameworks";
				PRODUCT_BUNDLE_IDENTIFIER = com.blaumagier.SpeedometerTests;
				PRODUCT_NAME = "$(TARGET_NAME)";
				SWIFT_VERSION = 3.0;
				TEST_HOST = "$(BUILT_PRODUCTS_DIR)/Speedometer.app/Speedometer";
			};
			name = Release;
		};
		6565CD801F356AF6005D70B8 /* Debug */ = {
			isa = XCBuildConfiguration;
			baseConfigurationReference = 88C8FA449DA3F0DB0683922D /* Pods-SpeedometerUITests.debug.xcconfig */;
			buildSettings = {
				ALWAYS_EMBED_SWIFT_STANDARD_LIBRARIES = YES;
				DEVELOPMENT_TEAM = ZJ769HHQS2;
				INFOPLIST_FILE = SpeedometerUITests/Info.plist;
				LD_RUNPATH_SEARCH_PATHS = "$(inherited) @executable_path/Frameworks @loader_path/Frameworks";
				PRODUCT_BUNDLE_IDENTIFIER = com.blaumagier.SpeedometerUITests;
				PRODUCT_NAME = "$(TARGET_NAME)";
				SWIFT_VERSION = 3.0;
				TEST_TARGET_NAME = Speedometer;
			};
			name = Debug;
		};
		6565CD811F356AF6005D70B8 /* Release */ = {
			isa = XCBuildConfiguration;
			baseConfigurationReference = 88BD92F36D87CA5FC6D6E2A7 /* Pods-SpeedometerUITests.release.xcconfig */;
			buildSettings = {
				ALWAYS_EMBED_SWIFT_STANDARD_LIBRARIES = YES;
				DEVELOPMENT_TEAM = ZJ769HHQS2;
				INFOPLIST_FILE = SpeedometerUITests/Info.plist;
				LD_RUNPATH_SEARCH_PATHS = "$(inherited) @executable_path/Frameworks @loader_path/Frameworks";
				PRODUCT_BUNDLE_IDENTIFIER = com.blaumagier.SpeedometerUITests;
				PRODUCT_NAME = "$(TARGET_NAME)";
				SWIFT_VERSION = 3.0;
				TEST_TARGET_NAME = Speedometer;
			};
			name = Release;
		};
/* End XCBuildConfiguration section */

/* Begin XCConfigurationList section */
		6565CD4C1F356AF6005D70B8 /* Build configuration list for PBXProject "Speedometer" */ = {
			isa = XCConfigurationList;
			buildConfigurations = (
				6565CD771F356AF6005D70B8 /* Debug */,
				6565CD781F356AF6005D70B8 /* Release */,
			);
			defaultConfigurationIsVisible = 0;
			defaultConfigurationName = Release;
		};
		6565CD791F356AF6005D70B8 /* Build configuration list for PBXNativeTarget "Speedometer" */ = {
			isa = XCConfigurationList;
			buildConfigurations = (
				6565CD7A1F356AF6005D70B8 /* Debug */,
				6565CD7B1F356AF6005D70B8 /* Release */,
			);
			defaultConfigurationIsVisible = 0;
		};
		6565CD7C1F356AF6005D70B8 /* Build configuration list for PBXNativeTarget "SpeedometerTests" */ = {
			isa = XCConfigurationList;
			buildConfigurations = (
				6565CD7D1F356AF6005D70B8 /* Debug */,
				6565CD7E1F356AF6005D70B8 /* Release */,
			);
			defaultConfigurationIsVisible = 0;
		};
		6565CD7F1F356AF6005D70B8 /* Build configuration list for PBXNativeTarget "SpeedometerUITests" */ = {
			isa = XCConfigurationList;
			buildConfigurations = (
				6565CD801F356AF6005D70B8 /* Debug */,
				6565CD811F356AF6005D70B8 /* Release */,
			);
			defaultConfigurationIsVisible = 0;
		};
/* End XCConfigurationList section */
	};
	rootObject = 6565CD491F356AF6005D70B8 /* Project object */;
}
